
Microsoft Visual Studio Solution File, Format Version 12.00
# Visual Studio Version 16
VisualStudioVersion = 16.0.30517.126
MinimumVisualStudioVersion = 10.0.40219.1
Project("{FAE04EC0-301F-11D3-BF4B-00C04F79EFBC}") = "node-dependencies", "node-dependencies\node-dependencies.csproj", "{E3D91897-2E97-41FC-9EAD-CF6D4639EA43}"
EndProject
Global
	GlobalSection(SolutionConfigurationPlatforms) = preSolution
		Debug|Any CPU = Debug|Any CPU
		Release|Any CPU = Release|Any CPU
	EndGlobalSection
	GlobalSection(ProjectConfigurationPlatforms) = postSolution
		{E3D91897-2E97-41FC-9EAD-CF6D4639EA43}.Debug|Any CPU.ActiveCfg = Debug|Any CPU
		{E3D91897-2E97-41FC-9EAD-CF6D4639EA43}.Debug|Any CPU.Build.0 = Debug|Any CPU
		{E3D91897-2E97-41FC-9EAD-CF6D4639EA43}.Release|Any CPU.ActiveCfg = Release|Any CPU
		{E3D91897-2E97-41FC-9EAD-CF6D4639EA43}.Release|Any CPU.Build.0 = Release|Any CPU
	EndGlobalSection
	GlobalSection(SolutionProperties) = preSolution
		HideSolutionNode = FALSE
	EndGlobalSection
	GlobalSection(ExtensibilityGlobals) = postSolution
		SolutionGuid = {03078E58-3CD3-40FA-AB0D-CC020236AA4B}
	EndGlobalSection
EndGlobal
